// !$*UTF8*$!
{
	archiveVersion = 1;
	classes = {
	};
	objectVersion = 56;
	objects = {

/* Begin PBXBuildFile section */
		4904B3292A52C76400071AC6 /* AppDelegate.swift in Sources */ = {isa = PBXBuildFile; fileRef = 4904B3282A52C76400071AC6 /* AppDelegate.swift */; };
		4904B32B2A52C76400071AC6 /* SceneDelegate.swift in Sources */ = {isa = PBXBuildFile; fileRef = 4904B32A2A52C76400071AC6 /* SceneDelegate.swift */; };
		4904B3322A52C76600071AC6 /* Assets.xcassets in Resources */ = {isa = PBXBuildFile; fileRef = 4904B3312A52C76600071AC6 /* Assets.xcassets */; };
		4904B3352A52C76600071AC6 /* LaunchScreen.storyboard in Resources */ = {isa = PBXBuildFile; fileRef = 4904B3332A52C76600071AC6 /* LaunchScreen.storyboard */; };
		4920559D2A594B4300C52B9C /* DIContainer.swift in Sources */ = {isa = PBXBuildFile; fileRef = 4920559C2A594B4300C52B9C /* DIContainer.swift */; };
		4920559F2A594B5200C52B9C /* HomeAssembly.swift in Sources */ = {isa = PBXBuildFile; fileRef = 4920559E2A594B5200C52B9C /* HomeAssembly.swift */; };
		492055A22A594B6E00C52B9C /* Swinject in Frameworks */ = {isa = PBXBuildFile; productRef = 492055A12A594B6E00C52B9C /* Swinject */; };
		49648FD12A5432B700B99DFF /* UIColor+AppColors.swift in Sources */ = {isa = PBXBuildFile; fileRef = 49648FD02A5432B700B99DFF /* UIColor+AppColors.swift */; };
		49648FD32A5432D700B99DFF /* UIFont+AppFonts.swift in Sources */ = {isa = PBXBuildFile; fileRef = 49648FD22A5432D700B99DFF /* UIFont+AppFonts.swift */; };
		49648FD62A54339400B99DFF /* AreaViewCell.swift in Sources */ = {isa = PBXBuildFile; fileRef = 49648FD52A54339400B99DFF /* AreaViewCell.swift */; };
		497F4C602A5336DD0073A86E /* SnapKit in Frameworks */ = {isa = PBXBuildFile; productRef = 497F4C5F2A5336DD0073A86E /* SnapKit */; };
		497F4C662A53374F0073A86E /* HomeViewController.swift in Sources */ = {isa = PBXBuildFile; fileRef = 497F4C652A53374F0073A86E /* HomeViewController.swift */; };
		497F4C682A5337710073A86E /* HomeInteractor.swift in Sources */ = {isa = PBXBuildFile; fileRef = 497F4C672A5337710073A86E /* HomeInteractor.swift */; };
		497F4C6A2A5337890073A86E /* HomePresenter.swift in Sources */ = {isa = PBXBuildFile; fileRef = 497F4C692A5337890073A86E /* HomePresenter.swift */; };
		497F4C6D2A5337A40073A86E /* HomeRouter.swift in Sources */ = {isa = PBXBuildFile; fileRef = 497F4C6C2A5337A40073A86E /* HomeRouter.swift */; };
		497F4C742A533DDD0073A86E /* HomeRouterInput.swift in Sources */ = {isa = PBXBuildFile; fileRef = 497F4C732A533DDD0073A86E /* HomeRouterInput.swift */; };
		497F4C772A533E340073A86E /* HomeInteractorOutput.swift in Sources */ = {isa = PBXBuildFile; fileRef = 497F4C762A533E340073A86E /* HomeInteractorOutput.swift */; };
		497F4C792A533E3E0073A86E /* HomeViewOutput.swift in Sources */ = {isa = PBXBuildFile; fileRef = 497F4C782A533E3E0073A86E /* HomeViewOutput.swift */; };
		497F4C7B2A533EDC0073A86E /* HomeViewInput.swift in Sources */ = {isa = PBXBuildFile; fileRef = 497F4C7A2A533EDC0073A86E /* HomeViewInput.swift */; };
		497F4C7F2A533F540073A86E /* HomeInteractorInput.swift in Sources */ = {isa = PBXBuildFile; fileRef = 497F4C7E2A533F540073A86E /* HomeInteractorInput.swift */; };
		497F4C812A5348D80073A86E /* AppRouter.swift in Sources */ = {isa = PBXBuildFile; fileRef = 497F4C802A5348D80073A86E /* AppRouter.swift */; };
		497F4C842A5355A50073A86E /* HomeCompositionalLayout.swift in Sources */ = {isa = PBXBuildFile; fileRef = 497F4C832A5355A50073A86E /* HomeCompositionalLayout.swift */; };
		497F4C862A53581E0073A86E /* HomeSection.swift in Sources */ = {isa = PBXBuildFile; fileRef = 497F4C852A53581E0073A86E /* HomeSection.swift */; };
		497F4C8A2A535E290073A86E /* HomeDataSource.swift in Sources */ = {isa = PBXBuildFile; fileRef = 497F4C892A535E290073A86E /* HomeDataSource.swift */; };
		497F4C8D2A5363A60073A86E /* HeaderView.swift in Sources */ = {isa = PBXBuildFile; fileRef = 497F4C8C2A5363A60073A86E /* HeaderView.swift */; };
		497F4C902A5364930073A86E /* ReuseIdentifier.swift in Sources */ = {isa = PBXBuildFile; fileRef = 497F4C8F2A5364930073A86E /* ReuseIdentifier.swift */; };
		499F4C712A544DC300E3446C /* FoodViewCell.swift in Sources */ = {isa = PBXBuildFile; fileRef = 499F4C702A544DC300E3446C /* FoodViewCell.swift */; };
		49AC62DA2A59A01A00FA50CF /* InfrastructureAssembly.swift in Sources */ = {isa = PBXBuildFile; fileRef = 49AC62D92A59A01A00FA50CF /* InfrastructureAssembly.swift */; };
		49AC62DD2A59A3D400FA50CF /* ModuleAssembly.swift in Sources */ = {isa = PBXBuildFile; fileRef = 49AC62DC2A59A3D400FA50CF /* ModuleAssembly.swift */; };
		49AC62DF2A59A42B00FA50CF /* MealDetailAssembly.swift in Sources */ = {isa = PBXBuildFile; fileRef = 49AC62DE2A59A42B00FA50CF /* MealDetailAssembly.swift */; };
		49AC62E42A59D37300FA50CF /* TabFlow.swift in Sources */ = {isa = PBXBuildFile; fileRef = 49AC62E32A59D37300FA50CF /* TabFlow.swift */; };
		49AC62E62A59D7BF00FA50CF /* MainTabBarController.swift in Sources */ = {isa = PBXBuildFile; fileRef = 49AC62E52A59D7BF00FA50CF /* MainTabBarController.swift */; };
		49AC62E82A59D83C00FA50CF /* MainTabBarRouter.swift in Sources */ = {isa = PBXBuildFile; fileRef = 49AC62E72A59D83C00FA50CF /* MainTabBarRouter.swift */; };
		49AC62ED2A59E8B600FA50CF /* CustomTabBar.swift in Sources */ = {isa = PBXBuildFile; fileRef = 49AC62EC2A59E8B600FA50CF /* CustomTabBar.swift */; };
		49B25AD82A546F4700E9AEF6 /* AreaCellModel.swift in Sources */ = {isa = PBXBuildFile; fileRef = 49B25AD72A546F4700E9AEF6 /* AreaCellModel.swift */; };
		49B25ADA2A546F5F00E9AEF6 /* FoodCellModel.swift in Sources */ = {isa = PBXBuildFile; fileRef = 49B25AD92A546F5F00E9AEF6 /* FoodCellModel.swift */; };
		49B25ADC2A54711500E9AEF6 /* FoodCellStyle.swift in Sources */ = {isa = PBXBuildFile; fileRef = 49B25ADB2A54711500E9AEF6 /* FoodCellStyle.swift */; };
		49B4F87B2A55621A00E91A3A /* EndPointType.swift in Sources */ = {isa = PBXBuildFile; fileRef = 49B4F87A2A55621A00E91A3A /* EndPointType.swift */; };
		49B4F87D2A55628300E91A3A /* HTTPMethod.swift in Sources */ = {isa = PBXBuildFile; fileRef = 49B4F87C2A55628300E91A3A /* HTTPMethod.swift */; };
		49B4F87F2A55634200E91A3A /* NetworkError.swift in Sources */ = {isa = PBXBuildFile; fileRef = 49B4F87E2A55634200E91A3A /* NetworkError.swift */; };
		49B4F8822A55668900E91A3A /* NetworkManager.swift in Sources */ = {isa = PBXBuildFile; fileRef = 49B4F8812A55668900E91A3A /* NetworkManager.swift */; };
		49B4F8862A55691600E91A3A /* MealEndPoint.swift in Sources */ = {isa = PBXBuildFile; fileRef = 49B4F8852A55691600E91A3A /* MealEndPoint.swift */; };
		49B4F8882A5573CB00E91A3A /* HTTPTask.swift in Sources */ = {isa = PBXBuildFile; fileRef = 49B4F8872A5573CB00E91A3A /* HTTPTask.swift */; };
		49B4F88B2A55774B00E91A3A /* ParameterEncoding.swift in Sources */ = {isa = PBXBuildFile; fileRef = 49B4F88A2A55774B00E91A3A /* ParameterEncoding.swift */; };
		49B4F88D2A5578B000E91A3A /* URLParameterEncoder.swift in Sources */ = {isa = PBXBuildFile; fileRef = 49B4F88C2A5578B000E91A3A /* URLParameterEncoder.swift */; };
		49B4F88F2A55822900E91A3A /* NetworkRouter.swift in Sources */ = {isa = PBXBuildFile; fileRef = 49B4F88E2A55822900E91A3A /* NetworkRouter.swift */; };
		49B4F8922A55B6DA00E91A3A /* CategoryDTO.swift in Sources */ = {isa = PBXBuildFile; fileRef = 49B4F8912A55B6DA00E91A3A /* CategoryDTO.swift */; };
		49B4F8942A55BEE500E91A3A /* MealDTO.swift in Sources */ = {isa = PBXBuildFile; fileRef = 49B4F8932A55BEE500E91A3A /* MealDTO.swift */; };
		49B4F8962A55F2B100E91A3A /* IngredientDTO.swift in Sources */ = {isa = PBXBuildFile; fileRef = 49B4F8952A55F2B000E91A3A /* IngredientDTO.swift */; };
		49B4F8992A55F8AE00E91A3A /* AreaDTO.swift in Sources */ = {isa = PBXBuildFile; fileRef = 49B4F8982A55F8AE00E91A3A /* AreaDTO.swift */; };
		49BC91E32A57015100575EBF /* Kingfisher in Frameworks */ = {isa = PBXBuildFile; productRef = 49BC91E22A57015100575EBF /* Kingfisher */; };
		49BC91E72A575CC300575EBF /* MealDetailViewController.swift in Sources */ = {isa = PBXBuildFile; fileRef = 49BC91E62A575CC300575EBF /* MealDetailViewController.swift */; };
		49BC91E92A57624700575EBF /* MealDetailDataSource.swift in Sources */ = {isa = PBXBuildFile; fileRef = 49BC91E82A57624700575EBF /* MealDetailDataSource.swift */; };
		49BC91ED2A5762F200575EBF /* IngredientViewCell.swift in Sources */ = {isa = PBXBuildFile; fileRef = 49BC91EC2A5762F200575EBF /* IngredientViewCell.swift */; };
		49E1FBC12A585E8A00D254C0 /* IngredientCellModel.swift in Sources */ = {isa = PBXBuildFile; fileRef = 49E1FBC02A585E8A00D254C0 /* IngredientCellModel.swift */; };
		49E1FBC42A5860EF00D254C0 /* MealDetailInteractor.swift in Sources */ = {isa = PBXBuildFile; fileRef = 49E1FBC32A5860EF00D254C0 /* MealDetailInteractor.swift */; };
		49E1FBC62A58610100D254C0 /* MealDetailInteractorInput.swift in Sources */ = {isa = PBXBuildFile; fileRef = 49E1FBC52A58610100D254C0 /* MealDetailInteractorInput.swift */; };
		49E1FBC82A58610900D254C0 /* MealDetailInteractorOutput.swift in Sources */ = {isa = PBXBuildFile; fileRef = 49E1FBC72A58610900D254C0 /* MealDetailInteractorOutput.swift */; };
		49E1FBCA2A58615800D254C0 /* MealDetailViewInput.swift in Sources */ = {isa = PBXBuildFile; fileRef = 49E1FBC92A58615800D254C0 /* MealDetailViewInput.swift */; };
		49E1FBCC2A58616000D254C0 /* MealDetailViewOutput.swift in Sources */ = {isa = PBXBuildFile; fileRef = 49E1FBCB2A58616000D254C0 /* MealDetailViewOutput.swift */; };
		49E1FBCF2A5861F900D254C0 /* MealDetailPresenter.swift in Sources */ = {isa = PBXBuildFile; fileRef = 49E1FBCE2A5861F800D254C0 /* MealDetailPresenter.swift */; };
		49E1FBD22A58625700D254C0 /* MealDetailRouter.swift in Sources */ = {isa = PBXBuildFile; fileRef = 49E1FBD12A58625700D254C0 /* MealDetailRouter.swift */; };
		49E1FBD42A58625D00D254C0 /* MealDetailInput.swift in Sources */ = {isa = PBXBuildFile; fileRef = 49E1FBD32A58625D00D254C0 /* MealDetailInput.swift */; };
		49E1FBD82A588B9100D254C0 /* UIImageView+Kingfisher.swift in Sources */ = {isa = PBXBuildFile; fileRef = 49E1FBD72A588B9100D254C0 /* UIImageView+Kingfisher.swift */; };
		49E1FBDB2A58AF2F00D254C0 /* MealDetailSegment.swift in Sources */ = {isa = PBXBuildFile; fileRef = 49E1FBDA2A58AF2F00D254C0 /* MealDetailSegment.swift */; };
		49FF07D62A56997B007630D0 /* MealRepository.swift in Sources */ = {isa = PBXBuildFile; fileRef = 49FF07D52A56997B007630D0 /* MealRepository.swift */; };
		49FF07D82A569BD3007630D0 /* Area.swift in Sources */ = {isa = PBXBuildFile; fileRef = 49FF07D72A569BD3007630D0 /* Area.swift */; };
		49FF07DA2A569BDB007630D0 /* Meal.swift in Sources */ = {isa = PBXBuildFile; fileRef = 49FF07D92A569BDB007630D0 /* Meal.swift */; };
		49FF07DC2A569BE7007630D0 /* Category.swift in Sources */ = {isa = PBXBuildFile; fileRef = 49FF07DB2A569BE7007630D0 /* Category.swift */; };
		49FF07DE2A569BF3007630D0 /* Ingredient.swift in Sources */ = {isa = PBXBuildFile; fileRef = 49FF07DD2A569BF3007630D0 /* Ingredient.swift */; };
/* End PBXBuildFile section */

/* Begin PBXFileReference section */
		4904B3252A52C76400071AC6 /* Recipes.app */ = {isa = PBXFileReference; explicitFileType = wrapper.application; includeInIndex = 0; path = Recipes.app; sourceTree = BUILT_PRODUCTS_DIR; };
		4904B3282A52C76400071AC6 /* AppDelegate.swift */ = {isa = PBXFileReference; lastKnownFileType = sourcecode.swift; path = AppDelegate.swift; sourceTree = "<group>"; };
		4904B32A2A52C76400071AC6 /* SceneDelegate.swift */ = {isa = PBXFileReference; lastKnownFileType = sourcecode.swift; path = SceneDelegate.swift; sourceTree = "<group>"; };
		4904B3312A52C76600071AC6 /* Assets.xcassets */ = {isa = PBXFileReference; lastKnownFileType = folder.assetcatalog; path = Assets.xcassets; sourceTree = "<group>"; };
		4904B3342A52C76600071AC6 /* Base */ = {isa = PBXFileReference; lastKnownFileType = file.storyboard; name = Base; path = Base.lproj/LaunchScreen.storyboard; sourceTree = "<group>"; };
		4904B3362A52C76600071AC6 /* Info.plist */ = {isa = PBXFileReference; lastKnownFileType = text.plist.xml; path = Info.plist; sourceTree = "<group>"; };
		4920559C2A594B4300C52B9C /* DIContainer.swift */ = {isa = PBXFileReference; fileEncoding = 4; lastKnownFileType = sourcecode.swift; path = DIContainer.swift; sourceTree = "<group>"; };
		4920559E2A594B5200C52B9C /* HomeAssembly.swift */ = {isa = PBXFileReference; fileEncoding = 4; lastKnownFileType = sourcecode.swift; path = HomeAssembly.swift; sourceTree = "<group>"; };
		49648FD02A5432B700B99DFF /* UIColor+AppColors.swift */ = {isa = PBXFileReference; lastKnownFileType = sourcecode.swift; path = "UIColor+AppColors.swift"; sourceTree = "<group>"; };
		49648FD22A5432D700B99DFF /* UIFont+AppFonts.swift */ = {isa = PBXFileReference; lastKnownFileType = sourcecode.swift; path = "UIFont+AppFonts.swift"; sourceTree = "<group>"; };
		49648FD52A54339400B99DFF /* AreaViewCell.swift */ = {isa = PBXFileReference; lastKnownFileType = sourcecode.swift; path = AreaViewCell.swift; sourceTree = "<group>"; };
		497F4C652A53374F0073A86E /* HomeViewController.swift */ = {isa = PBXFileReference; lastKnownFileType = sourcecode.swift; path = HomeViewController.swift; sourceTree = "<group>"; };
		497F4C672A5337710073A86E /* HomeInteractor.swift */ = {isa = PBXFileReference; lastKnownFileType = sourcecode.swift; path = HomeInteractor.swift; sourceTree = "<group>"; };
		497F4C692A5337890073A86E /* HomePresenter.swift */ = {isa = PBXFileReference; lastKnownFileType = sourcecode.swift; path = HomePresenter.swift; sourceTree = "<group>"; };
		497F4C6C2A5337A40073A86E /* HomeRouter.swift */ = {isa = PBXFileReference; lastKnownFileType = sourcecode.swift; path = HomeRouter.swift; sourceTree = "<group>"; };
		497F4C732A533DDD0073A86E /* HomeRouterInput.swift */ = {isa = PBXFileReference; lastKnownFileType = sourcecode.swift; path = HomeRouterInput.swift; sourceTree = "<group>"; };
		497F4C762A533E340073A86E /* HomeInteractorOutput.swift */ = {isa = PBXFileReference; lastKnownFileType = sourcecode.swift; path = HomeInteractorOutput.swift; sourceTree = "<group>"; };
		497F4C782A533E3E0073A86E /* HomeViewOutput.swift */ = {isa = PBXFileReference; lastKnownFileType = sourcecode.swift; path = HomeViewOutput.swift; sourceTree = "<group>"; };
		497F4C7A2A533EDC0073A86E /* HomeViewInput.swift */ = {isa = PBXFileReference; lastKnownFileType = sourcecode.swift; path = HomeViewInput.swift; sourceTree = "<group>"; };
		497F4C7E2A533F540073A86E /* HomeInteractorInput.swift */ = {isa = PBXFileReference; lastKnownFileType = sourcecode.swift; path = HomeInteractorInput.swift; sourceTree = "<group>"; };
		497F4C802A5348D80073A86E /* AppRouter.swift */ = {isa = PBXFileReference; lastKnownFileType = sourcecode.swift; path = AppRouter.swift; sourceTree = "<group>"; };
		497F4C832A5355A50073A86E /* HomeCompositionalLayout.swift */ = {isa = PBXFileReference; lastKnownFileType = sourcecode.swift; path = HomeCompositionalLayout.swift; sourceTree = "<group>"; };
		497F4C852A53581E0073A86E /* HomeSection.swift */ = {isa = PBXFileReference; lastKnownFileType = sourcecode.swift; path = HomeSection.swift; sourceTree = "<group>"; };
		497F4C892A535E290073A86E /* HomeDataSource.swift */ = {isa = PBXFileReference; lastKnownFileType = sourcecode.swift; path = HomeDataSource.swift; sourceTree = "<group>"; };
		497F4C8C2A5363A60073A86E /* HeaderView.swift */ = {isa = PBXFileReference; lastKnownFileType = sourcecode.swift; path = HeaderView.swift; sourceTree = "<group>"; };
		497F4C8F2A5364930073A86E /* ReuseIdentifier.swift */ = {isa = PBXFileReference; lastKnownFileType = sourcecode.swift; path = ReuseIdentifier.swift; sourceTree = "<group>"; };
		499F4C702A544DC300E3446C /* FoodViewCell.swift */ = {isa = PBXFileReference; lastKnownFileType = sourcecode.swift; path = FoodViewCell.swift; sourceTree = "<group>"; };
		49AC62D92A59A01A00FA50CF /* InfrastructureAssembly.swift */ = {isa = PBXFileReference; lastKnownFileType = sourcecode.swift; path = InfrastructureAssembly.swift; sourceTree = "<group>"; };
		49AC62DC2A59A3D400FA50CF /* ModuleAssembly.swift */ = {isa = PBXFileReference; lastKnownFileType = sourcecode.swift; path = ModuleAssembly.swift; sourceTree = "<group>"; };
		49AC62DE2A59A42B00FA50CF /* MealDetailAssembly.swift */ = {isa = PBXFileReference; lastKnownFileType = sourcecode.swift; path = MealDetailAssembly.swift; sourceTree = "<group>"; };
		49AC62E32A59D37300FA50CF /* TabFlow.swift */ = {isa = PBXFileReference; lastKnownFileType = sourcecode.swift; path = TabFlow.swift; sourceTree = "<group>"; };
		49AC62E52A59D7BF00FA50CF /* MainTabBarController.swift */ = {isa = PBXFileReference; lastKnownFileType = sourcecode.swift; path = MainTabBarController.swift; sourceTree = "<group>"; };
		49AC62E72A59D83C00FA50CF /* MainTabBarRouter.swift */ = {isa = PBXFileReference; lastKnownFileType = sourcecode.swift; path = MainTabBarRouter.swift; sourceTree = "<group>"; };
		49AC62EC2A59E8B600FA50CF /* CustomTabBar.swift */ = {isa = PBXFileReference; lastKnownFileType = sourcecode.swift; path = CustomTabBar.swift; sourceTree = "<group>"; };
		49B25AD72A546F4700E9AEF6 /* AreaCellModel.swift */ = {isa = PBXFileReference; lastKnownFileType = sourcecode.swift; path = AreaCellModel.swift; sourceTree = "<group>"; };
		49B25AD92A546F5F00E9AEF6 /* FoodCellModel.swift */ = {isa = PBXFileReference; lastKnownFileType = sourcecode.swift; path = FoodCellModel.swift; sourceTree = "<group>"; };
		49B25ADB2A54711500E9AEF6 /* FoodCellStyle.swift */ = {isa = PBXFileReference; lastKnownFileType = sourcecode.swift; path = FoodCellStyle.swift; sourceTree = "<group>"; };
		49B4F87A2A55621A00E91A3A /* EndPointType.swift */ = {isa = PBXFileReference; lastKnownFileType = sourcecode.swift; path = EndPointType.swift; sourceTree = "<group>"; };
		49B4F87C2A55628300E91A3A /* HTTPMethod.swift */ = {isa = PBXFileReference; lastKnownFileType = sourcecode.swift; path = HTTPMethod.swift; sourceTree = "<group>"; };
		49B4F87E2A55634200E91A3A /* NetworkError.swift */ = {isa = PBXFileReference; lastKnownFileType = sourcecode.swift; path = NetworkError.swift; sourceTree = "<group>"; };
		49B4F8812A55668900E91A3A /* NetworkManager.swift */ = {isa = PBXFileReference; lastKnownFileType = sourcecode.swift; path = NetworkManager.swift; sourceTree = "<group>"; };
		49B4F8852A55691600E91A3A /* MealEndPoint.swift */ = {isa = PBXFileReference; lastKnownFileType = sourcecode.swift; path = MealEndPoint.swift; sourceTree = "<group>"; };
		49B4F8872A5573CB00E91A3A /* HTTPTask.swift */ = {isa = PBXFileReference; lastKnownFileType = sourcecode.swift; path = HTTPTask.swift; sourceTree = "<group>"; };
		49B4F88A2A55774B00E91A3A /* ParameterEncoding.swift */ = {isa = PBXFileReference; lastKnownFileType = sourcecode.swift; path = ParameterEncoding.swift; sourceTree = "<group>"; };
		49B4F88C2A5578B000E91A3A /* URLParameterEncoder.swift */ = {isa = PBXFileReference; lastKnownFileType = sourcecode.swift; path = URLParameterEncoder.swift; sourceTree = "<group>"; };
		49B4F88E2A55822900E91A3A /* NetworkRouter.swift */ = {isa = PBXFileReference; lastKnownFileType = sourcecode.swift; path = NetworkRouter.swift; sourceTree = "<group>"; };
		49B4F8912A55B6DA00E91A3A /* CategoryDTO.swift */ = {isa = PBXFileReference; lastKnownFileType = sourcecode.swift; path = CategoryDTO.swift; sourceTree = "<group>"; };
		49B4F8932A55BEE500E91A3A /* MealDTO.swift */ = {isa = PBXFileReference; lastKnownFileType = sourcecode.swift; path = MealDTO.swift; sourceTree = "<group>"; };
		49B4F8952A55F2B000E91A3A /* IngredientDTO.swift */ = {isa = PBXFileReference; lastKnownFileType = sourcecode.swift; path = IngredientDTO.swift; sourceTree = "<group>"; };
		49B4F8982A55F8AE00E91A3A /* AreaDTO.swift */ = {isa = PBXFileReference; lastKnownFileType = sourcecode.swift; path = AreaDTO.swift; sourceTree = "<group>"; };
		49BC91E62A575CC300575EBF /* MealDetailViewController.swift */ = {isa = PBXFileReference; lastKnownFileType = sourcecode.swift; path = MealDetailViewController.swift; sourceTree = "<group>"; };
		49BC91E82A57624700575EBF /* MealDetailDataSource.swift */ = {isa = PBXFileReference; lastKnownFileType = sourcecode.swift; path = MealDetailDataSource.swift; sourceTree = "<group>"; };
		49BC91EC2A5762F200575EBF /* IngredientViewCell.swift */ = {isa = PBXFileReference; lastKnownFileType = sourcecode.swift; path = IngredientViewCell.swift; sourceTree = "<group>"; };
		49E1FBC02A585E8A00D254C0 /* IngredientCellModel.swift */ = {isa = PBXFileReference; lastKnownFileType = sourcecode.swift; path = IngredientCellModel.swift; sourceTree = "<group>"; };
		49E1FBC32A5860EF00D254C0 /* MealDetailInteractor.swift */ = {isa = PBXFileReference; lastKnownFileType = sourcecode.swift; path = MealDetailInteractor.swift; sourceTree = "<group>"; };
		49E1FBC52A58610100D254C0 /* MealDetailInteractorInput.swift */ = {isa = PBXFileReference; lastKnownFileType = sourcecode.swift; path = MealDetailInteractorInput.swift; sourceTree = "<group>"; };
		49E1FBC72A58610900D254C0 /* MealDetailInteractorOutput.swift */ = {isa = PBXFileReference; lastKnownFileType = sourcecode.swift; path = MealDetailInteractorOutput.swift; sourceTree = "<group>"; };
		49E1FBC92A58615800D254C0 /* MealDetailViewInput.swift */ = {isa = PBXFileReference; lastKnownFileType = sourcecode.swift; path = MealDetailViewInput.swift; sourceTree = "<group>"; };
		49E1FBCB2A58616000D254C0 /* MealDetailViewOutput.swift */ = {isa = PBXFileReference; lastKnownFileType = sourcecode.swift; path = MealDetailViewOutput.swift; sourceTree = "<group>"; };
		49E1FBCE2A5861F800D254C0 /* MealDetailPresenter.swift */ = {isa = PBXFileReference; lastKnownFileType = sourcecode.swift; path = MealDetailPresenter.swift; sourceTree = "<group>"; };
		49E1FBD12A58625700D254C0 /* MealDetailRouter.swift */ = {isa = PBXFileReference; lastKnownFileType = sourcecode.swift; path = MealDetailRouter.swift; sourceTree = "<group>"; };
		49E1FBD32A58625D00D254C0 /* MealDetailInput.swift */ = {isa = PBXFileReference; lastKnownFileType = sourcecode.swift; path = MealDetailInput.swift; sourceTree = "<group>"; };
		49E1FBD72A588B9100D254C0 /* UIImageView+Kingfisher.swift */ = {isa = PBXFileReference; lastKnownFileType = sourcecode.swift; path = "UIImageView+Kingfisher.swift"; sourceTree = "<group>"; };
		49E1FBDA2A58AF2F00D254C0 /* MealDetailSegment.swift */ = {isa = PBXFileReference; lastKnownFileType = sourcecode.swift; path = MealDetailSegment.swift; sourceTree = "<group>"; };
		49FF07D52A56997B007630D0 /* MealRepository.swift */ = {isa = PBXFileReference; lastKnownFileType = sourcecode.swift; path = MealRepository.swift; sourceTree = "<group>"; };
		49FF07D72A569BD3007630D0 /* Area.swift */ = {isa = PBXFileReference; lastKnownFileType = sourcecode.swift; path = Area.swift; sourceTree = "<group>"; };
		49FF07D92A569BDB007630D0 /* Meal.swift */ = {isa = PBXFileReference; lastKnownFileType = sourcecode.swift; path = Meal.swift; sourceTree = "<group>"; };
		49FF07DB2A569BE7007630D0 /* Category.swift */ = {isa = PBXFileReference; lastKnownFileType = sourcecode.swift; path = Category.swift; sourceTree = "<group>"; };
		49FF07DD2A569BF3007630D0 /* Ingredient.swift */ = {isa = PBXFileReference; lastKnownFileType = sourcecode.swift; path = Ingredient.swift; sourceTree = "<group>"; };
/* End PBXFileReference section */

/* Begin PBXFrameworksBuildPhase section */
		4904B3222A52C76400071AC6 /* Frameworks */ = {
			isa = PBXFrameworksBuildPhase;
			buildActionMask = 2147483647;
			files = (
				49BC91E32A57015100575EBF /* Kingfisher in Frameworks */,
				497F4C602A5336DD0073A86E /* SnapKit in Frameworks */,
				492055A22A594B6E00C52B9C /* Swinject in Frameworks */,
			);
			runOnlyForDeploymentPostprocessing = 0;
		};
/* End PBXFrameworksBuildPhase section */

/* Begin PBXGroup section */
		4904B31C2A52C76400071AC6 = {
			isa = PBXGroup;
			children = (
				4904B3272A52C76400071AC6 /* Recipes */,
				4904B3262A52C76400071AC6 /* Products */,
			);
			sourceTree = "<group>";
		};
		4904B3262A52C76400071AC6 /* Products */ = {
			isa = PBXGroup;
			children = (
				4904B3252A52C76400071AC6 /* Recipes.app */,
			);
			name = Products;
			sourceTree = "<group>";
		};
		4904B3272A52C76400071AC6 /* Recipes */ = {
			isa = PBXGroup;
			children = (
				4920559B2A594B3600C52B9C /* DI */,
				497F4C8B2A5363790073A86E /* Views */,
				497F4C632A5337380073A86E /* Modules */,
				497F4C6B2A5337940073A86E /* Entities */,
				497F4C8E2A53647B0073A86E /* Protocols */,
				49648FCF2A5429B800B99DFF /* Extensions */,
				49AC62E02A59AEDE00FA50CF /* Infrastructure */,
				497F4C612A5336EF0073A86E /* Application */,
				497F4C622A5336FE0073A86E /* Resources */,
			);
			path = Recipes;
			sourceTree = "<group>";
		};
		4920559B2A594B3600C52B9C /* DI */ = {
			isa = PBXGroup;
			children = (
				49AC62DB2A59A26900FA50CF /* Assemblies */,
				4920559C2A594B4300C52B9C /* DIContainer.swift */,
			);
			path = DI;
			sourceTree = "<group>";
		};
		49247E0E2A54A9A400C050FB /* Networking */ = {
			isa = PBXGroup;
			children = (
				49B4F8902A55B69A00E91A3A /* DTOs */,
				49B4F8842A55690900E91A3A /* EndPoints */,
				49B4F8892A55773500E91A3A /* Encoding */,
				49B4F8832A55668D00E91A3A /* Service */,
				49B4F8802A55665500E91A3A /* Managers */,
			);
			path = Networking;
			sourceTree = "<group>";
		};
		49648FCF2A5429B800B99DFF /* Extensions */ = {
			isa = PBXGroup;
			children = (
				49648FD22A5432D700B99DFF /* UIFont+AppFonts.swift */,
				49648FD02A5432B700B99DFF /* UIColor+AppColors.swift */,
				49E1FBD72A588B9100D254C0 /* UIImageView+Kingfisher.swift */,
			);
			path = Extensions;
			sourceTree = "<group>";
		};
		49648FD42A54336E00B99DFF /* CollectionViewCells */ = {
			isa = PBXGroup;
			children = (
				49B25AD62A546EF900E9AEF6 /* Area */,
				49B25AD52A546E9A00E9AEF6 /* Food */,
			);
			path = CollectionViewCells;
			sourceTree = "<group>";
		};
		497F4C612A5336EF0073A86E /* Application */ = {
			isa = PBXGroup;
			children = (
				4904B3282A52C76400071AC6 /* AppDelegate.swift */,
				4904B32A2A52C76400071AC6 /* SceneDelegate.swift */,
			);
			path = Application;
			sourceTree = "<group>";
		};
		497F4C622A5336FE0073A86E /* Resources */ = {
			isa = PBXGroup;
			children = (
				4904B3362A52C76600071AC6 /* Info.plist */,
				4904B3332A52C76600071AC6 /* LaunchScreen.storyboard */,
				4904B3312A52C76600071AC6 /* Assets.xcassets */,
			);
			path = Resources;
			sourceTree = "<group>";
		};
		497F4C632A5337380073A86E /* Modules */ = {
			isa = PBXGroup;
			children = (
				497F4C802A5348D80073A86E /* AppRouter.swift */,
				49AC62E12A59D35400FA50CF /* TabBar */,
				497F4C642A5337420073A86E /* Home */,
				49BC91E42A575CA600575EBF /* MealDetail */,
			);
			path = Modules;
			sourceTree = "<group>";
		};
		497F4C642A5337420073A86E /* Home */ = {
			isa = PBXGroup;
			children = (
				497F4C7D2A533F050073A86E /* View */,
				497F4C7C2A533EFB0073A86E /* Interactor */,
				497F4C752A533E060073A86E /* Presenter */,
				497F4C722A533DAF0073A86E /* Router */,
				497F4C892A535E290073A86E /* HomeDataSource.swift */,
			);
			path = Home;
			sourceTree = "<group>";
		};
		497F4C6B2A5337940073A86E /* Entities */ = {
			isa = PBXGroup;
			children = (
				49FF07D72A569BD3007630D0 /* Area.swift */,
				49FF07D92A569BDB007630D0 /* Meal.swift */,
				49FF07DB2A569BE7007630D0 /* Category.swift */,
				49FF07DD2A569BF3007630D0 /* Ingredient.swift */,
			);
			path = Entities;
			sourceTree = "<group>";
		};
		497F4C722A533DAF0073A86E /* Router */ = {
			isa = PBXGroup;
			children = (
				497F4C6C2A5337A40073A86E /* HomeRouter.swift */,
				497F4C732A533DDD0073A86E /* HomeRouterInput.swift */,
			);
			path = Router;
			sourceTree = "<group>";
		};
		497F4C752A533E060073A86E /* Presenter */ = {
			isa = PBXGroup;
			children = (
				497F4C692A5337890073A86E /* HomePresenter.swift */,
			);
			path = Presenter;
			sourceTree = "<group>";
		};
		497F4C7C2A533EFB0073A86E /* Interactor */ = {
			isa = PBXGroup;
			children = (
				497F4C672A5337710073A86E /* HomeInteractor.swift */,
				497F4C7E2A533F540073A86E /* HomeInteractorInput.swift */,
				497F4C762A533E340073A86E /* HomeInteractorOutput.swift */,
			);
			path = Interactor;
			sourceTree = "<group>";
		};
		497F4C7D2A533F050073A86E /* View */ = {
			isa = PBXGroup;
			children = (
				497F4C822A5355870073A86E /* Configurations */,
				497F4C652A53374F0073A86E /* HomeViewController.swift */,
				497F4C7A2A533EDC0073A86E /* HomeViewInput.swift */,
				497F4C782A533E3E0073A86E /* HomeViewOutput.swift */,
			);
			path = View;
			sourceTree = "<group>";
		};
		497F4C822A5355870073A86E /* Configurations */ = {
			isa = PBXGroup;
			children = (
				497F4C852A53581E0073A86E /* HomeSection.swift */,
				497F4C832A5355A50073A86E /* HomeCompositionalLayout.swift */,
			);
			path = Configurations;
			sourceTree = "<group>";
		};
		497F4C8B2A5363790073A86E /* Views */ = {
			isa = PBXGroup;
			children = (
				49AC62EB2A59E8A900FA50CF /* TabBar */,
				49BC91EA2A5762CB00575EBF /* ReusableViews */,
				49BC91EB2A5762D600575EBF /* TableViewCells */,
				49648FD42A54336E00B99DFF /* CollectionViewCells */,
			);
			path = Views;
			sourceTree = "<group>";
		};
		497F4C8E2A53647B0073A86E /* Protocols */ = {
			isa = PBXGroup;
			children = (
				497F4C8F2A5364930073A86E /* ReuseIdentifier.swift */,
			);
			path = Protocols;
			sourceTree = "<group>";
		};
		49AC62D82A599C2D00FA50CF /* Modules */ = {
			isa = PBXGroup;
			children = (
				4920559E2A594B5200C52B9C /* HomeAssembly.swift */,
				49AC62DE2A59A42B00FA50CF /* MealDetailAssembly.swift */,
			);
			path = Modules;
			sourceTree = "<group>";
		};
		49AC62DB2A59A26900FA50CF /* Assemblies */ = {
			isa = PBXGroup;
			children = (
				49AC62DC2A59A3D400FA50CF /* ModuleAssembly.swift */,
				49AC62D92A59A01A00FA50CF /* InfrastructureAssembly.swift */,
				49AC62D82A599C2D00FA50CF /* Modules */,
			);
			path = Assemblies;
			sourceTree = "<group>";
		};
		49AC62E02A59AEDE00FA50CF /* Infrastructure */ = {
			isa = PBXGroup;
			children = (
				49FF07D42A56996E007630D0 /* Repositories */,
				49247E0E2A54A9A400C050FB /* Networking */,
			);
			path = Infrastructure;
			sourceTree = "<group>";
		};
		49AC62E12A59D35400FA50CF /* TabBar */ = {
			isa = PBXGroup;
			children = (
				49AC62E22A59D35F00FA50CF /* Configurations */,
				49AC62E52A59D7BF00FA50CF /* MainTabBarController.swift */,
				49AC62E72A59D83C00FA50CF /* MainTabBarRouter.swift */,
			);
			path = TabBar;
			sourceTree = "<group>";
		};
		49AC62E22A59D35F00FA50CF /* Configurations */ = {
			isa = PBXGroup;
			children = (
				49AC62E32A59D37300FA50CF /* TabFlow.swift */,
			);
			path = Configurations;
			sourceTree = "<group>";
		};
		49AC62EB2A59E8A900FA50CF /* TabBar */ = {
			isa = PBXGroup;
			children = (
				49AC62EC2A59E8B600FA50CF /* CustomTabBar.swift */,
			);
			path = TabBar;
			sourceTree = "<group>";
		};
		49B25AD52A546E9A00E9AEF6 /* Food */ = {
			isa = PBXGroup;
			children = (
				499F4C702A544DC300E3446C /* FoodViewCell.swift */,
				49B25AD92A546F5F00E9AEF6 /* FoodCellModel.swift */,
				49B25ADB2A54711500E9AEF6 /* FoodCellStyle.swift */,
			);
			path = Food;
			sourceTree = "<group>";
		};
		49B25AD62A546EF900E9AEF6 /* Area */ = {
			isa = PBXGroup;
			children = (
				49648FD52A54339400B99DFF /* AreaViewCell.swift */,
				49B25AD72A546F4700E9AEF6 /* AreaCellModel.swift */,
			);
			path = Area;
			sourceTree = "<group>";
		};
		49B4F8802A55665500E91A3A /* Managers */ = {
			isa = PBXGroup;
			children = (
				49B4F8812A55668900E91A3A /* NetworkManager.swift */,
			);
			path = Managers;
			sourceTree = "<group>";
		};
		49B4F8832A55668D00E91A3A /* Service */ = {
			isa = PBXGroup;
			children = (
				49B4F87C2A55628300E91A3A /* HTTPMethod.swift */,
				49B4F87E2A55634200E91A3A /* NetworkError.swift */,
				49B4F87A2A55621A00E91A3A /* EndPointType.swift */,
				49B4F8872A5573CB00E91A3A /* HTTPTask.swift */,
				49B4F88E2A55822900E91A3A /* NetworkRouter.swift */,
			);
			path = Service;
			sourceTree = "<group>";
		};
		49B4F8842A55690900E91A3A /* EndPoints */ = {
			isa = PBXGroup;
			children = (
				49B4F8852A55691600E91A3A /* MealEndPoint.swift */,
			);
			path = EndPoints;
			sourceTree = "<group>";
		};
		49B4F8892A55773500E91A3A /* Encoding */ = {
			isa = PBXGroup;
			children = (
				49B4F88A2A55774B00E91A3A /* ParameterEncoding.swift */,
				49B4F88C2A5578B000E91A3A /* URLParameterEncoder.swift */,
			);
			path = Encoding;
			sourceTree = "<group>";
		};
		49B4F8902A55B69A00E91A3A /* DTOs */ = {
			isa = PBXGroup;
			children = (
				49B4F8982A55F8AE00E91A3A /* AreaDTO.swift */,
				49B4F8932A55BEE500E91A3A /* MealDTO.swift */,
				49B4F8912A55B6DA00E91A3A /* CategoryDTO.swift */,
				49B4F8952A55F2B000E91A3A /* IngredientDTO.swift */,
			);
			path = DTOs;
			sourceTree = "<group>";
		};
		49BC91E42A575CA600575EBF /* MealDetail */ = {
			isa = PBXGroup;
			children = (
				49BC91E52A575CB200575EBF /* View */,
				49E1FBC22A5860C500D254C0 /* Interactor */,
				49E1FBCD2A5861EA00D254C0 /* Presenter */,
				49E1FBD02A58624900D254C0 /* Router */,
				49BC91E82A57624700575EBF /* MealDetailDataSource.swift */,
			);
			path = MealDetail;
			sourceTree = "<group>";
		};
		49BC91E52A575CB200575EBF /* View */ = {
			isa = PBXGroup;
			children = (
				49E1FBD92A58AEC700D254C0 /* Configurations */,
				49BC91E62A575CC300575EBF /* MealDetailViewController.swift */,
				49E1FBC92A58615800D254C0 /* MealDetailViewInput.swift */,
				49E1FBCB2A58616000D254C0 /* MealDetailViewOutput.swift */,
			);
			path = View;
			sourceTree = "<group>";
		};
		49BC91EA2A5762CB00575EBF /* ReusableViews */ = {
			isa = PBXGroup;
			children = (
				497F4C8C2A5363A60073A86E /* HeaderView.swift */,
			);
			path = ReusableViews;
			sourceTree = "<group>";
		};
		49BC91EB2A5762D600575EBF /* TableViewCells */ = {
			isa = PBXGroup;
			children = (
				49BC91EC2A5762F200575EBF /* IngredientViewCell.swift */,
				49E1FBC02A585E8A00D254C0 /* IngredientCellModel.swift */,
			);
			path = TableViewCells;
			sourceTree = "<group>";
		};
		49E1FBC22A5860C500D254C0 /* Interactor */ = {
			isa = PBXGroup;
			children = (
				49E1FBC32A5860EF00D254C0 /* MealDetailInteractor.swift */,
				49E1FBC72A58610900D254C0 /* MealDetailInteractorOutput.swift */,
				49E1FBC52A58610100D254C0 /* MealDetailInteractorInput.swift */,
			);
			path = Interactor;
			sourceTree = "<group>";
		};
		49E1FBCD2A5861EA00D254C0 /* Presenter */ = {
			isa = PBXGroup;
			children = (
				49E1FBCE2A5861F800D254C0 /* MealDetailPresenter.swift */,
			);
			path = Presenter;
			sourceTree = "<group>";
		};
		49E1FBD02A58624900D254C0 /* Router */ = {
			isa = PBXGroup;
			children = (
				49E1FBD12A58625700D254C0 /* MealDetailRouter.swift */,
				49E1FBD32A58625D00D254C0 /* MealDetailInput.swift */,
			);
			path = Router;
			sourceTree = "<group>";
		};
		49E1FBD92A58AEC700D254C0 /* Configurations */ = {
			isa = PBXGroup;
			children = (
				49E1FBDA2A58AF2F00D254C0 /* MealDetailSegment.swift */,
			);
			path = Configurations;
			sourceTree = "<group>";
		};
		49FF07D42A56996E007630D0 /* Repositories */ = {
			isa = PBXGroup;
			children = (
				49FF07D52A56997B007630D0 /* MealRepository.swift */,
			);
			path = Repositories;
			sourceTree = "<group>";
		};
/* End PBXGroup section */

/* Begin PBXNativeTarget section */
		4904B3242A52C76400071AC6 /* Recipes */ = {
			isa = PBXNativeTarget;
			buildConfigurationList = 4904B3392A52C76600071AC6 /* Build configuration list for PBXNativeTarget "Recipes" */;
			buildPhases = (
				4904B3212A52C76400071AC6 /* Sources */,
				4904B3222A52C76400071AC6 /* Frameworks */,
				4904B3232A52C76400071AC6 /* Resources */,
			);
			buildRules = (
			);
			dependencies = (
			);
			name = Recipes;
			packageProductDependencies = (
				497F4C5F2A5336DD0073A86E /* SnapKit */,
				49BC91E22A57015100575EBF /* Kingfisher */,
				492055A12A594B6E00C52B9C /* Swinject */,
			);
			productName = Recipes;
			productReference = 4904B3252A52C76400071AC6 /* Recipes.app */;
			productType = "com.apple.product-type.application";
		};
/* End PBXNativeTarget section */

/* Begin PBXProject section */
		4904B31D2A52C76400071AC6 /* Project object */ = {
			isa = PBXProject;
			attributes = {
				BuildIndependentTargetsInParallel = 1;
				LastSwiftUpdateCheck = 1430;
				LastUpgradeCheck = 1430;
				TargetAttributes = {
					4904B3242A52C76400071AC6 = {
						CreatedOnToolsVersion = 14.3.1;
					};
				};
			};
			buildConfigurationList = 4904B3202A52C76400071AC6 /* Build configuration list for PBXProject "Recipes" */;
			compatibilityVersion = "Xcode 14.0";
			developmentRegion = en;
			hasScannedForEncodings = 0;
			knownRegions = (
				en,
				Base,
			);
			mainGroup = 4904B31C2A52C76400071AC6;
			packageReferences = (
				497F4C5E2A5336DD0073A86E /* XCRemoteSwiftPackageReference "SnapKit" */,
				49BC91E12A57015100575EBF /* XCRemoteSwiftPackageReference "Kingfisher" */,
				492055A02A594B6E00C52B9C /* XCRemoteSwiftPackageReference "Swinject" */,
			);
			productRefGroup = 4904B3262A52C76400071AC6 /* Products */;
			projectDirPath = "";
			projectRoot = "";
			targets = (
				4904B3242A52C76400071AC6 /* Recipes */,
			);
		};
/* End PBXProject section */

/* Begin PBXResourcesBuildPhase section */
		4904B3232A52C76400071AC6 /* Resources */ = {
			isa = PBXResourcesBuildPhase;
			buildActionMask = 2147483647;
			files = (
				4904B3352A52C76600071AC6 /* LaunchScreen.storyboard in Resources */,
				4904B3322A52C76600071AC6 /* Assets.xcassets in Resources */,
			);
			runOnlyForDeploymentPostprocessing = 0;
		};
/* End PBXResourcesBuildPhase section */

/* Begin PBXSourcesBuildPhase section */
		4904B3212A52C76400071AC6 /* Sources */ = {
			isa = PBXSourcesBuildPhase;
			buildActionMask = 2147483647;
			files = (
				49648FD12A5432B700B99DFF /* UIColor+AppColors.swift in Sources */,
				49B4F87F2A55634200E91A3A /* NetworkError.swift in Sources */,
				49E1FBD42A58625D00D254C0 /* MealDetailInput.swift in Sources */,
				49E1FBC42A5860EF00D254C0 /* MealDetailInteractor.swift in Sources */,
				49B4F8992A55F8AE00E91A3A /* AreaDTO.swift in Sources */,
				49AC62E42A59D37300FA50CF /* TabFlow.swift in Sources */,
				499F4C712A544DC300E3446C /* FoodViewCell.swift in Sources */,
				49E1FBC62A58610100D254C0 /* MealDetailInteractorInput.swift in Sources */,
				49E1FBC82A58610900D254C0 /* MealDetailInteractorOutput.swift in Sources */,
				49AC62DA2A59A01A00FA50CF /* InfrastructureAssembly.swift in Sources */,
				4920559D2A594B4300C52B9C /* DIContainer.swift in Sources */,
				49B4F8962A55F2B100E91A3A /* IngredientDTO.swift in Sources */,
				49E1FBD82A588B9100D254C0 /* UIImageView+Kingfisher.swift in Sources */,
				49BC91ED2A5762F200575EBF /* IngredientViewCell.swift in Sources */,
				49B4F87B2A55621A00E91A3A /* EndPointType.swift in Sources */,
				497F4C862A53581E0073A86E /* HomeSection.swift in Sources */,
				49AC62ED2A59E8B600FA50CF /* CustomTabBar.swift in Sources */,
				49648FD62A54339400B99DFF /* AreaViewCell.swift in Sources */,
				497F4C7F2A533F540073A86E /* HomeInteractorInput.swift in Sources */,
				49648FD32A5432D700B99DFF /* UIFont+AppFonts.swift in Sources */,
				4904B3292A52C76400071AC6 /* AppDelegate.swift in Sources */,
				49E1FBC12A585E8A00D254C0 /* IngredientCellModel.swift in Sources */,
				497F4C8A2A535E290073A86E /* HomeDataSource.swift in Sources */,
				497F4C742A533DDD0073A86E /* HomeRouterInput.swift in Sources */,
				497F4C7B2A533EDC0073A86E /* HomeViewInput.swift in Sources */,
				497F4C8D2A5363A60073A86E /* HeaderView.swift in Sources */,
				497F4C902A5364930073A86E /* ReuseIdentifier.swift in Sources */,
				49B4F8942A55BEE500E91A3A /* MealDTO.swift in Sources */,
				49B4F8822A55668900E91A3A /* NetworkManager.swift in Sources */,
				49B25AD82A546F4700E9AEF6 /* AreaCellModel.swift in Sources */,
				49FF07D62A56997B007630D0 /* MealRepository.swift in Sources */,
				4904B32B2A52C76400071AC6 /* SceneDelegate.swift in Sources */,
				49AC62DD2A59A3D400FA50CF /* ModuleAssembly.swift in Sources */,
				49BC91E92A57624700575EBF /* MealDetailDataSource.swift in Sources */,
				49B4F8922A55B6DA00E91A3A /* CategoryDTO.swift in Sources */,
				49E1FBD22A58625700D254C0 /* MealDetailRouter.swift in Sources */,
				49AC62E82A59D83C00FA50CF /* MainTabBarRouter.swift in Sources */,
				497F4C662A53374F0073A86E /* HomeViewController.swift in Sources */,
				49B25ADC2A54711500E9AEF6 /* FoodCellStyle.swift in Sources */,
				49B25ADA2A546F5F00E9AEF6 /* FoodCellModel.swift in Sources */,
				49AC62E62A59D7BF00FA50CF /* MainTabBarController.swift in Sources */,
				49E1FBCC2A58616000D254C0 /* MealDetailViewOutput.swift in Sources */,
				497F4C842A5355A50073A86E /* HomeCompositionalLayout.swift in Sources */,
				49BC91E72A575CC300575EBF /* MealDetailViewController.swift in Sources */,
				497F4C6A2A5337890073A86E /* HomePresenter.swift in Sources */,
				497F4C6D2A5337A40073A86E /* HomeRouter.swift in Sources */,
				49B4F88D2A5578B000E91A3A /* URLParameterEncoder.swift in Sources */,
				4920559F2A594B5200C52B9C /* HomeAssembly.swift in Sources */,
				49FF07DE2A569BF3007630D0 /* Ingredient.swift in Sources */,
				49E1FBCA2A58615800D254C0 /* MealDetailViewInput.swift in Sources */,
				49E1FBDB2A58AF2F00D254C0 /* MealDetailSegment.swift in Sources */,
				49FF07D82A569BD3007630D0 /* Area.swift in Sources */,
				497F4C772A533E340073A86E /* HomeInteractorOutput.swift in Sources */,
				49FF07DA2A569BDB007630D0 /* Meal.swift in Sources */,
				49B4F87D2A55628300E91A3A /* HTTPMethod.swift in Sources */,
				49B4F88B2A55774B00E91A3A /* ParameterEncoding.swift in Sources */,
				49B4F8882A5573CB00E91A3A /* HTTPTask.swift in Sources */,
				497F4C812A5348D80073A86E /* AppRouter.swift in Sources */,
				49AC62DF2A59A42B00FA50CF /* MealDetailAssembly.swift in Sources */,
				497F4C792A533E3E0073A86E /* HomeViewOutput.swift in Sources */,
				49B4F88F2A55822900E91A3A /* NetworkRouter.swift in Sources */,
				497F4C682A5337710073A86E /* HomeInteractor.swift in Sources */,
				49E1FBCF2A5861F900D254C0 /* MealDetailPresenter.swift in Sources */,
				49B4F8862A55691600E91A3A /* MealEndPoint.swift in Sources */,
				49FF07DC2A569BE7007630D0 /* Category.swift in Sources */,
			);
			runOnlyForDeploymentPostprocessing = 0;
		};
/* End PBXSourcesBuildPhase section */

/* Begin PBXVariantGroup section */
		4904B3332A52C76600071AC6 /* LaunchScreen.storyboard */ = {
			isa = PBXVariantGroup;
			children = (
				4904B3342A52C76600071AC6 /* Base */,
			);
			name = LaunchScreen.storyboard;
			sourceTree = "<group>";
		};
/* End PBXVariantGroup section */

/* Begin XCBuildConfiguration section */
		4904B3372A52C76600071AC6 /* Debug */ = {
			isa = XCBuildConfiguration;
			buildSettings = {
				ALWAYS_SEARCH_USER_PATHS = NO;
				CLANG_ANALYZER_NONNULL = YES;
				CLANG_ANALYZER_NUMBER_OBJECT_CONVERSION = YES_AGGRESSIVE;
				CLANG_CXX_LANGUAGE_STANDARD = "gnu++20";
				CLANG_ENABLE_MODULES = YES;
				CLANG_ENABLE_OBJC_ARC = YES;
				CLANG_ENABLE_OBJC_WEAK = YES;
				CLANG_WARN_BLOCK_CAPTURE_AUTORELEASING = YES;
				CLANG_WARN_BOOL_CONVERSION = YES;
				CLANG_WARN_COMMA = YES;
				CLANG_WARN_CONSTANT_CONVERSION = YES;
				CLANG_WARN_DEPRECATED_OBJC_IMPLEMENTATIONS = YES;
				CLANG_WARN_DIRECT_OBJC_ISA_USAGE = YES_ERROR;
				CLANG_WARN_DOCUMENTATION_COMMENTS = YES;
				CLANG_WARN_EMPTY_BODY = YES;
				CLANG_WARN_ENUM_CONVERSION = YES;
				CLANG_WARN_INFINITE_RECURSION = YES;
				CLANG_WARN_INT_CONVERSION = YES;
				CLANG_WARN_NON_LITERAL_NULL_CONVERSION = YES;
				CLANG_WARN_OBJC_IMPLICIT_RETAIN_SELF = YES;
				CLANG_WARN_OBJC_LITERAL_CONVERSION = YES;
				CLANG_WARN_OBJC_ROOT_CLASS = YES_ERROR;
				CLANG_WARN_QUOTED_INCLUDE_IN_FRAMEWORK_HEADER = YES;
				CLANG_WARN_RANGE_LOOP_ANALYSIS = YES;
				CLANG_WARN_STRICT_PROTOTYPES = YES;
				CLANG_WARN_SUSPICIOUS_MOVE = YES;
				CLANG_WARN_UNGUARDED_AVAILABILITY = YES_AGGRESSIVE;
				CLANG_WARN_UNREACHABLE_CODE = YES;
				CLANG_WARN__DUPLICATE_METHOD_MATCH = YES;
				COPY_PHASE_STRIP = NO;
				DEBUG_INFORMATION_FORMAT = dwarf;
				ENABLE_STRICT_OBJC_MSGSEND = YES;
				ENABLE_TESTABILITY = YES;
				GCC_C_LANGUAGE_STANDARD = gnu11;
				GCC_DYNAMIC_NO_PIC = NO;
				GCC_NO_COMMON_BLOCKS = YES;
				GCC_OPTIMIZATION_LEVEL = 0;
				GCC_PREPROCESSOR_DEFINITIONS = (
					"DEBUG=1",
					"$(inherited)",
				);
				GCC_WARN_64_TO_32_BIT_CONVERSION = YES;
				GCC_WARN_ABOUT_RETURN_TYPE = YES_ERROR;
				GCC_WARN_UNDECLARED_SELECTOR = YES;
				GCC_WARN_UNINITIALIZED_AUTOS = YES_AGGRESSIVE;
				GCC_WARN_UNUSED_FUNCTION = YES;
				GCC_WARN_UNUSED_VARIABLE = YES;
				IPHONEOS_DEPLOYMENT_TARGET = 13.0;
				MTL_ENABLE_DEBUG_INFO = INCLUDE_SOURCE;
				MTL_FAST_MATH = YES;
				ONLY_ACTIVE_ARCH = YES;
				SDKROOT = iphoneos;
				SWIFT_ACTIVE_COMPILATION_CONDITIONS = DEBUG;
				SWIFT_OPTIMIZATION_LEVEL = "-Onone";
			};
			name = Debug;
		};
		4904B3382A52C76600071AC6 /* Release */ = {
			isa = XCBuildConfiguration;
			buildSettings = {
				ALWAYS_SEARCH_USER_PATHS = NO;
				CLANG_ANALYZER_NONNULL = YES;
				CLANG_ANALYZER_NUMBER_OBJECT_CONVERSION = YES_AGGRESSIVE;
				CLANG_CXX_LANGUAGE_STANDARD = "gnu++20";
				CLANG_ENABLE_MODULES = YES;
				CLANG_ENABLE_OBJC_ARC = YES;
				CLANG_ENABLE_OBJC_WEAK = YES;
				CLANG_WARN_BLOCK_CAPTURE_AUTORELEASING = YES;
				CLANG_WARN_BOOL_CONVERSION = YES;
				CLANG_WARN_COMMA = YES;
				CLANG_WARN_CONSTANT_CONVERSION = YES;
				CLANG_WARN_DEPRECATED_OBJC_IMPLEMENTATIONS = YES;
				CLANG_WARN_DIRECT_OBJC_ISA_USAGE = YES_ERROR;
				CLANG_WARN_DOCUMENTATION_COMMENTS = YES;
				CLANG_WARN_EMPTY_BODY = YES;
				CLANG_WARN_ENUM_CONVERSION = YES;
				CLANG_WARN_INFINITE_RECURSION = YES;
				CLANG_WARN_INT_CONVERSION = YES;
				CLANG_WARN_NON_LITERAL_NULL_CONVERSION = YES;
				CLANG_WARN_OBJC_IMPLICIT_RETAIN_SELF = YES;
				CLANG_WARN_OBJC_LITERAL_CONVERSION = YES;
				CLANG_WARN_OBJC_ROOT_CLASS = YES_ERROR;
				CLANG_WARN_QUOTED_INCLUDE_IN_FRAMEWORK_HEADER = YES;
				CLANG_WARN_RANGE_LOOP_ANALYSIS = YES;
				CLANG_WARN_STRICT_PROTOTYPES = YES;
				CLANG_WARN_SUSPICIOUS_MOVE = YES;
				CLANG_WARN_UNGUARDED_AVAILABILITY = YES_AGGRESSIVE;
				CLANG_WARN_UNREACHABLE_CODE = YES;
				CLANG_WARN__DUPLICATE_METHOD_MATCH = YES;
				COPY_PHASE_STRIP = NO;
				DEBUG_INFORMATION_FORMAT = "dwarf-with-dsym";
				ENABLE_NS_ASSERTIONS = NO;
				ENABLE_STRICT_OBJC_MSGSEND = YES;
				GCC_C_LANGUAGE_STANDARD = gnu11;
				GCC_NO_COMMON_BLOCKS = YES;
				GCC_WARN_64_TO_32_BIT_CONVERSION = YES;
				GCC_WARN_ABOUT_RETURN_TYPE = YES_ERROR;
				GCC_WARN_UNDECLARED_SELECTOR = YES;
				GCC_WARN_UNINITIALIZED_AUTOS = YES_AGGRESSIVE;
				GCC_WARN_UNUSED_FUNCTION = YES;
				GCC_WARN_UNUSED_VARIABLE = YES;
				IPHONEOS_DEPLOYMENT_TARGET = 13.0;
				MTL_ENABLE_DEBUG_INFO = NO;
				MTL_FAST_MATH = YES;
				SDKROOT = iphoneos;
				SWIFT_COMPILATION_MODE = wholemodule;
				SWIFT_OPTIMIZATION_LEVEL = "-O";
				VALIDATE_PRODUCT = YES;
			};
			name = Release;
		};
		4904B33A2A52C76600071AC6 /* Debug */ = {
			isa = XCBuildConfiguration;
			buildSettings = {
				ASSETCATALOG_COMPILER_APPICON_NAME = AppIcon;
				ASSETCATALOG_COMPILER_GLOBAL_ACCENT_COLOR_NAME = AccentColor;
				CODE_SIGN_STYLE = Automatic;
				CURRENT_PROJECT_VERSION = 1;
				DEVELOPMENT_TEAM = 9KT4MKX52L;
				GENERATE_INFOPLIST_FILE = YES;
				INFOPLIST_FILE = Recipes/Resources/Info.plist;
				INFOPLIST_KEY_LSApplicationCategoryType = "public.app-category.food-and-drink";
				INFOPLIST_KEY_UIApplicationSupportsIndirectInputEvents = YES;
				INFOPLIST_KEY_UILaunchStoryboardName = LaunchScreen;
				INFOPLIST_KEY_UISupportedInterfaceOrientations_iPad = "UIInterfaceOrientationPortrait UIInterfaceOrientationPortraitUpsideDown UIInterfaceOrientationLandscapeLeft UIInterfaceOrientationLandscapeRight";
				INFOPLIST_KEY_UISupportedInterfaceOrientations_iPhone = "UIInterfaceOrientationPortrait UIInterfaceOrientationLandscapeLeft UIInterfaceOrientationLandscapeRight";
				LD_RUNPATH_SEARCH_PATHS = (
					"$(inherited)",
					"@executable_path/Frameworks",
				);
				MARKETING_VERSION = 1.0;
				PRODUCT_BUNDLE_IDENTIFIER = sem.Recipes;
				PRODUCT_NAME = "$(TARGET_NAME)";
				SWIFT_EMIT_LOC_STRINGS = YES;
				SWIFT_VERSION = 5.0;
				TARGETED_DEVICE_FAMILY = "1,2";
			};
			name = Debug;
		};
		4904B33B2A52C76600071AC6 /* Release */ = {
			isa = XCBuildConfiguration;
			buildSettings = {
				ASSETCATALOG_COMPILER_APPICON_NAME = AppIcon;
				ASSETCATALOG_COMPILER_GLOBAL_ACCENT_COLOR_NAME = AccentColor;
				CODE_SIGN_STYLE = Automatic;
				CURRENT_PROJECT_VERSION = 1;
				DEVELOPMENT_TEAM = 9KT4MKX52L;
				GENERATE_INFOPLIST_FILE = YES;
				INFOPLIST_FILE = Recipes/Resources/Info.plist;
				INFOPLIST_KEY_LSApplicationCategoryType = "public.app-category.food-and-drink";
				INFOPLIST_KEY_UIApplicationSupportsIndirectInputEvents = YES;
				INFOPLIST_KEY_UILaunchStoryboardName = LaunchScreen;
				INFOPLIST_KEY_UISupportedInterfaceOrientations_iPad = "UIInterfaceOrientationPortrait UIInterfaceOrientationPortraitUpsideDown UIInterfaceOrientationLandscapeLeft UIInterfaceOrientationLandscapeRight";
				INFOPLIST_KEY_UISupportedInterfaceOrientations_iPhone = "UIInterfaceOrientationPortrait UIInterfaceOrientationLandscapeLeft UIInterfaceOrientationLandscapeRight";
				LD_RUNPATH_SEARCH_PATHS = (
					"$(inherited)",
					"@executable_path/Frameworks",
				);
				MARKETING_VERSION = 1.0;
				PRODUCT_BUNDLE_IDENTIFIER = sem.Recipes;
				PRODUCT_NAME = "$(TARGET_NAME)";
				SWIFT_EMIT_LOC_STRINGS = YES;
				SWIFT_VERSION = 5.0;
				TARGETED_DEVICE_FAMILY = "1,2";
			};
			name = Release;
		};
/* End XCBuildConfiguration section */

/* Begin XCConfigurationList section */
		4904B3202A52C76400071AC6 /* Build configuration list for PBXProject "Recipes" */ = {
			isa = XCConfigurationList;
			buildConfigurations = (
				4904B3372A52C76600071AC6 /* Debug */,
				4904B3382A52C76600071AC6 /* Release */,
			);
			defaultConfigurationIsVisible = 0;
			defaultConfigurationName = Release;
		};
		4904B3392A52C76600071AC6 /* Build configuration list for PBXNativeTarget "Recipes" */ = {
			isa = XCConfigurationList;
			buildConfigurations = (
				4904B33A2A52C76600071AC6 /* Debug */,
				4904B33B2A52C76600071AC6 /* Release */,
			);
			defaultConfigurationIsVisible = 0;
			defaultConfigurationName = Release;
		};
/* End XCConfigurationList section */

/* Begin XCRemoteSwiftPackageReference section */
		492055A02A594B6E00C52B9C /* XCRemoteSwiftPackageReference "Swinject" */ = {
			isa = XCRemoteSwiftPackageReference;
			repositoryURL = "https://github.com/Swinject/Swinject?ysclid=ljsgrt2x7d433845092";
			requirement = {
				kind = upToNextMajorVersion;
				minimumVersion = 2.0.0;
			};
		};
		497F4C5E2A5336DD0073A86E /* XCRemoteSwiftPackageReference "SnapKit" */ = {
			isa = XCRemoteSwiftPackageReference;
			repositoryURL = "https://github.com/SnapKit/SnapKit?ysclid=ldhh9l9d77943341286#installation";
			requirement = {
				kind = upToNextMajorVersion;
				minimumVersion = 5.0.0;
			};
		};
		49BC91E12A57015100575EBF /* XCRemoteSwiftPackageReference "Kingfisher" */ = {
			isa = XCRemoteSwiftPackageReference;
			repositoryURL = "https://github.com/onevcat/Kingfisher?ysclid=ljr7wrtaaq681777636";
			requirement = {
				kind = upToNextMajorVersion;
				minimumVersion = 7.0.0;
			};
		};
/* End XCRemoteSwiftPackageReference section */

/* Begin XCSwiftPackageProductDependency section */
		492055A12A594B6E00C52B9C /* Swinject */ = {
			isa = XCSwiftPackageProductDependency;
			package = 492055A02A594B6E00C52B9C /* XCRemoteSwiftPackageReference "Swinject" */;
			productName = Swinject;
		};
		497F4C5F2A5336DD0073A86E /* SnapKit */ = {
			isa = XCSwiftPackageProductDependency;
			package = 497F4C5E2A5336DD0073A86E /* XCRemoteSwiftPackageReference "SnapKit" */;
			productName = SnapKit;
		};
		49BC91E22A57015100575EBF /* Kingfisher */ = {
			isa = XCSwiftPackageProductDependency;
			package = 49BC91E12A57015100575EBF /* XCRemoteSwiftPackageReference "Kingfisher" */;
			productName = Kingfisher;
		};
/* End XCSwiftPackageProductDependency section */
	};
	rootObject = 4904B31D2A52C76400071AC6 /* Project object */;
}
