{
  "pins" : [
    {
      "identity" : "kingfisher?ysclid=ljr7wrtaaq681777636",
      "kind" : "remoteSourceControl",
      "location" : "https://github.com/onevcat/Kingfisher?ysclid=ljr7wrtaaq681777636",
      "state" : {
        "revision" : "c1f60c63f356d364f4284ba82961acbe7de79bcc",
        "version" : "7.8.1"
      }
    },
    {
      "identity" : "snapkit?ysclid=ldhh9l9d77943341286#installation",
      "kind" : "remoteSourceControl",
      "location" : "https://github.com/SnapKit/SnapKit?ysclid=ldhh9l9d77943341286#installation",
      "state" : {
        "revision" : "f222cbdf325885926566172f6f5f06af95473158",
        "version" : "5.6.0"
      }
    }
  ],
  "version" : 2
}
